
Microsoft Visual Studio Solution File, Format Version 12.00
# Visual Studio 15
VisualStudioVersion = 15.0.28307.421
MinimumVisualStudioVersion = 10.0.40219.1
Project("{9A19103F-16F7-4668-BE54-9A1E7A4F7556}") = "HomeworkL3_Zad1", "HomeworkL3\HomeworkL3_Zad1.csproj", "{37B391F2-EBC1-44D9-8373-DF88EF9022F2}"
EndProject
Project("{FAE04EC0-301F-11D3-BF4B-00C04F79EFBC}") = "HomeworkL3_Zad2", "HomeworkL3_Zad2\HomeworkL3_Zad2.csproj", "{3FCD5C01-3D05-482C-8AD1-FECC2DF258DB}"
EndProject
Project("{FAE04EC0-301F-11D3-BF4B-00C04F79EFBC}") = "HomeworkL3_Zad3", "HomeworkL3_Zad3\HomeworkL3_Zad3.csproj", "{2EAE8A3C-CB74-4151-B58A-1EFA2B3469A3}"
EndProject
Project("{FAE04EC0-301F-11D3-BF4B-00C04F79EFBC}") = "HomeworkL3_Zad4", "HomeworkL3_Zad4\HomeworkL3_Zad4.csproj", "{307CD2D1-7D41-40C4-BE7E-60BA653AFC38}"
EndProject
Project("{FAE04EC0-301F-11D3-BF4B-00C04F79EFBC}") = "HomeworkL3_Zad5", "HomeworkL3_Zad5\HomeworkL3_Zad5.csproj", "{8E40D91C-E0F1-4252-982B-1247CD45E42C}"
EndProject
Global
	GlobalSection(SolutionConfigurationPlatforms) = preSolution
		Debug|Any CPU = Debug|Any CPU
		Release|Any CPU = Release|Any CPU
	EndGlobalSection
	GlobalSection(ProjectConfigurationPlatforms) = postSolution
		{37B391F2-EBC1-44D9-8373-DF88EF9022F2}.Debug|Any CPU.ActiveCfg = Debug|Any CPU
		{37B391F2-EBC1-44D9-8373-DF88EF9022F2}.Debug|Any CPU.Build.0 = Debug|Any CPU
		{37B391F2-EBC1-44D9-8373-DF88EF9022F2}.Release|Any CPU.ActiveCfg = Release|Any CPU
		{37B391F2-EBC1-44D9-8373-DF88EF9022F2}.Release|Any CPU.Build.0 = Release|Any CPU
		{3FCD5C01-3D05-482C-8AD1-FECC2DF258DB}.Debug|Any CPU.ActiveCfg = Debug|Any CPU
		{3FCD5C01-3D05-482C-8AD1-FECC2DF258DB}.Debug|Any CPU.Build.0 = Debug|Any CPU
		{3FCD5C01-3D05-482C-8AD1-FECC2DF258DB}.Release|Any CPU.ActiveCfg = Release|Any CPU
		{3FCD5C01-3D05-482C-8AD1-FECC2DF258DB}.Release|Any CPU.Build.0 = Release|Any CPU
		{2EAE8A3C-CB74-4151-B58A-1EFA2B3469A3}.Debug|Any CPU.ActiveCfg = Debug|Any CPU
		{2EAE8A3C-CB74-4151-B58A-1EFA2B3469A3}.Debug|Any CPU.Build.0 = Debug|Any CPU
		{2EAE8A3C-CB74-4151-B58A-1EFA2B3469A3}.Release|Any CPU.ActiveCfg = Release|Any CPU
		{2EAE8A3C-CB74-4151-B58A-1EFA2B3469A3}.Release|Any CPU.Build.0 = Release|Any CPU
		{307CD2D1-7D41-40C4-BE7E-60BA653AFC38}.Debug|Any CPU.ActiveCfg = Debug|Any CPU
		{307CD2D1-7D41-40C4-BE7E-60BA653AFC38}.Debug|Any CPU.Build.0 = Debug|Any CPU
		{307CD2D1-7D41-40C4-BE7E-60BA653AFC38}.Release|Any CPU.ActiveCfg = Release|Any CPU
		{307CD2D1-7D41-40C4-BE7E-60BA653AFC38}.Release|Any CPU.Build.0 = Release|Any CPU
		{8E40D91C-E0F1-4252-982B-1247CD45E42C}.Debug|Any CPU.ActiveCfg = Debug|Any CPU
		{8E40D91C-E0F1-4252-982B-1247CD45E42C}.Debug|Any CPU.Build.0 = Debug|Any CPU
		{8E40D91C-E0F1-4252-982B-1247CD45E42C}.Release|Any CPU.ActiveCfg = Release|Any CPU
		{8E40D91C-E0F1-4252-982B-1247CD45E42C}.Release|Any CPU.Build.0 = Release|Any CPU
	EndGlobalSection
	GlobalSection(SolutionProperties) = preSolution
		HideSolutionNode = FALSE
	EndGlobalSection
	GlobalSection(ExtensibilityGlobals) = postSolution
		SolutionGuid = {749188B9-86B1-4038-A97B-0C1BC6867BAC}
	EndGlobalSection
EndGlobal
